
Microsoft Visual Studio Solution File, Format Version 12.00
# Visual Studio Version 17
VisualStudioVersion = 17.0.31903.59
MinimumVisualStudioVersion = 10.0.40219.1
Project("{FAE04EC0-301F-11D3-BF4B-00C04F79EFBC}") = "Bank.Domain", "Bank.Domain\Bank.Domain.csproj", "{3558431C-A447-47AB-8BE4-911A3DCDF693}"
EndProject
Project("{FAE04EC0-301F-11D3-BF4B-00C04F79EFBC}") = "Bank.Domain.Tests", "Bank.Domain.Tests\Bank.Domain.Tests.csproj", "{EDAB93F2-A812-468B-99EE-7347EDD83C88}"
EndProject
Global
	GlobalSection(SolutionConfigurationPlatforms) = preSolution
		Debug|Any CPU = Debug|Any CPU
		Release|Any CPU = Release|Any CPU
	EndGlobalSection
	GlobalSection(SolutionProperties) = preSolution
		HideSolutionNode = FALSE
	EndGlobalSection
	GlobalSection(ProjectConfigurationPlatforms) = postSolution
		{3558431C-A447-47AB-8BE4-911A3DCDF693}.Debug|Any CPU.ActiveCfg = Debug|Any CPU
		{3558431C-A447-47AB-8BE4-911A3DCDF693}.Debug|Any CPU.Build.0 = Debug|Any CPU
		{3558431C-A447-47AB-8BE4-911A3DCDF693}.Release|Any CPU.ActiveCfg = Release|Any CPU
		{3558431C-A447-47AB-8BE4-911A3DCDF693}.Release|Any CPU.Build.0 = Release|Any CPU
		{EDAB93F2-A812-468B-99EE-7347EDD83C88}.Debug|Any CPU.ActiveCfg = Debug|Any CPU
		{EDAB93F2-A812-468B-99EE-7347EDD83C88}.Debug|Any CPU.Build.0 = Debug|Any CPU
		{EDAB93F2-A812-468B-99EE-7347EDD83C88}.Release|Any CPU.ActiveCfg = Release|Any CPU
		{EDAB93F2-A812-468B-99EE-7347EDD83C88}.Release|Any CPU.Build.0 = Release|Any CPU
	EndGlobalSection
EndGlobal
